
Microsoft Visual Studio Solution File, Format Version 12.00
# Visual Studio Version 16
VisualStudioVersion = 16.0.29001.49
MinimumVisualStudioVersion = 10.0.40219.1
Project("{FAE04EC0-301F-11D3-BF4B-00C04F79EFBC}") = "Ejercicio_Tarea", "Ejercicio_Tarea\Ejercicio_Tarea.csproj", "{5646599F-0FEB-4477-B975-EB1CF4630A99}"
EndProject
Global
	GlobalSection(SolutionConfigurationPlatforms) = preSolution
		Debug|Any CPU = Debug|Any CPU
		Release|Any CPU = Release|Any CPU
	EndGlobalSection
	GlobalSection(ProjectConfigurationPlatforms) = postSolution
		{5646599F-0FEB-4477-B975-EB1CF4630A99}.Debug|Any CPU.ActiveCfg = Debug|Any CPU
		{5646599F-0FEB-4477-B975-EB1CF4630A99}.Debug|Any CPU.Build.0 = Debug|Any CPU
		{5646599F-0FEB-4477-B975-EB1CF4630A99}.Release|Any CPU.ActiveCfg = Release|Any CPU
		{5646599F-0FEB-4477-B975-EB1CF4630A99}.Release|Any CPU.Build.0 = Release|Any CPU
	EndGlobalSection
	GlobalSection(SolutionProperties) = preSolution
		HideSolutionNode = FALSE
	EndGlobalSection
	GlobalSection(ExtensibilityGlobals) = postSolution
		SolutionGuid = {211C2B2D-956F-4FA6-B44C-8114F0E3249D}
	EndGlobalSection
EndGlobal
